
Microsoft Visual Studio Solution File, Format Version 11.00
# Visual Studio 2010
Project("{FAE04EC0-301F-11D3-BF4B-00C04F79EFBC}") = "Week02", "Week02\Week02.csproj", "{3F638D7A-CCE5-4D05-812D-81CA86F8438A}"
EndProject
Project("{FAE04EC0-301F-11D3-BF4B-00C04F79EFBC}") = "Week03", "Week03\Week03.csproj", "{6E201350-273D-4A5E-86BB-60C8162EE0AA}"
EndProject
Project("{FAE04EC0-301F-11D3-BF4B-00C04F79EFBC}") = "Week04", "Week04\Week04\Week04.csproj", "{F07ECB96-914A-4BF0-8B94-5C35E91189ED}"
EndProject
Project("{FAE04EC0-301F-11D3-BF4B-00C04F79EFBC}") = "Oef_20140204", "Oef_20140204\Oef_20140204.csproj", "{86D2CDF3-32EA-4E09-986B-956DBCF50D7A}"
EndProject
Project("{FAE04EC0-301F-11D3-BF4B-00C04F79EFBC}") = "beurs", "beurs\beurs.csproj", "{FE328144-41E6-473D-BCED-457BD9F847D0}"
EndProject
Project("{FAE04EC0-301F-11D3-BF4B-00C04F79EFBC}") = "Bib", "Bib\Bib.csproj", "{B4F2CF8B-6E34-45DA-8F1B-9C767D8DD6EA}"
EndProject
Project("{FAE04EC0-301F-11D3-BF4B-00C04F79EFBC}") = "School", "School\School.csproj", "{44BED17B-5A96-4076-B740-58B6765AD6D5}"
EndProject
Project("{FAE04EC0-301F-11D3-BF4B-00C04F79EFBC}") = "Driehoek", "Driehoek\Driehoek.csproj", "{A05E18D9-25DF-444D-BD5B-115D52615C0D}"
EndProject
Global
	GlobalSection(SolutionConfigurationPlatforms) = preSolution
		Debug|x86 = Debug|x86
		Release|x86 = Release|x86
	EndGlobalSection
	GlobalSection(ProjectConfigurationPlatforms) = postSolution
		{3F638D7A-CCE5-4D05-812D-81CA86F8438A}.Debug|x86.ActiveCfg = Debug|x86
		{3F638D7A-CCE5-4D05-812D-81CA86F8438A}.Debug|x86.Build.0 = Debug|x86
		{3F638D7A-CCE5-4D05-812D-81CA86F8438A}.Release|x86.ActiveCfg = Release|x86
		{3F638D7A-CCE5-4D05-812D-81CA86F8438A}.Release|x86.Build.0 = Release|x86
		{44BED17B-5A96-4076-B740-58B6765AD6D5}.Debug|x86.ActiveCfg = Debug|x86
		{44BED17B-5A96-4076-B740-58B6765AD6D5}.Debug|x86.Build.0 = Debug|x86
		{44BED17B-5A96-4076-B740-58B6765AD6D5}.Release|x86.ActiveCfg = Release|x86
		{44BED17B-5A96-4076-B740-58B6765AD6D5}.Release|x86.Build.0 = Release|x86
		{6E201350-273D-4A5E-86BB-60C8162EE0AA}.Debug|x86.ActiveCfg = Debug|x86
		{6E201350-273D-4A5E-86BB-60C8162EE0AA}.Debug|x86.Build.0 = Debug|x86
		{6E201350-273D-4A5E-86BB-60C8162EE0AA}.Release|x86.ActiveCfg = Release|x86
		{6E201350-273D-4A5E-86BB-60C8162EE0AA}.Release|x86.Build.0 = Release|x86
		{86D2CDF3-32EA-4E09-986B-956DBCF50D7A}.Debug|x86.ActiveCfg = Debug|x86
		{86D2CDF3-32EA-4E09-986B-956DBCF50D7A}.Debug|x86.Build.0 = Debug|x86
		{86D2CDF3-32EA-4E09-986B-956DBCF50D7A}.Release|x86.ActiveCfg = Release|x86
		{86D2CDF3-32EA-4E09-986B-956DBCF50D7A}.Release|x86.Build.0 = Release|x86
		{A05E18D9-25DF-444D-BD5B-115D52615C0D}.Debug|x86.ActiveCfg = Debug|x86
		{A05E18D9-25DF-444D-BD5B-115D52615C0D}.Debug|x86.Build.0 = Debug|x86
		{A05E18D9-25DF-444D-BD5B-115D52615C0D}.Release|x86.ActiveCfg = Release|x86
		{A05E18D9-25DF-444D-BD5B-115D52615C0D}.Release|x86.Build.0 = Release|x86
		{B4F2CF8B-6E34-45DA-8F1B-9C767D8DD6EA}.Debug|x86.ActiveCfg = Debug|x86
		{B4F2CF8B-6E34-45DA-8F1B-9C767D8DD6EA}.Debug|x86.Build.0 = Debug|x86
		{B4F2CF8B-6E34-45DA-8F1B-9C767D8DD6EA}.Release|x86.ActiveCfg = Release|x86
		{B4F2CF8B-6E34-45DA-8F1B-9C767D8DD6EA}.Release|x86.Build.0 = Release|x86
		{F07ECB96-914A-4BF0-8B94-5C35E91189ED}.Debug|x86.ActiveCfg = Debug|x86
		{F07ECB96-914A-4BF0-8B94-5C35E91189ED}.Debug|x86.Build.0 = Debug|x86
		{F07ECB96-914A-4BF0-8B94-5C35E91189ED}.Release|x86.ActiveCfg = Release|x86
		{F07ECB96-914A-4BF0-8B94-5C35E91189ED}.Release|x86.Build.0 = Release|x86
		{FE328144-41E6-473D-BCED-457BD9F847D0}.Debug|x86.ActiveCfg = Debug|x86
		{FE328144-41E6-473D-BCED-457BD9F847D0}.Debug|x86.Build.0 = Debug|x86
		{FE328144-41E6-473D-BCED-457BD9F847D0}.Release|x86.ActiveCfg = Release|x86
		{FE328144-41E6-473D-BCED-457BD9F847D0}.Release|x86.Build.0 = Release|x86
	EndGlobalSection
	GlobalSection(MonoDevelopProperties) = preSolution
		StartupItem = Week02\Week02.csproj
	EndGlobalSection
EndGlobal
